
Microsoft Visual Studio Solution File, Format Version 12.00
# Visual Studio Version 16
VisualStudioVersion = 16.0.29926.136
MinimumVisualStudioVersion = 10.0.40219.1
Project("{8BC9CEB8-8B4A-11D0-8D11-00A0C91BC942}") = "WOP", "WOP\WOP.vcxproj", "{C1CD2143-0F02-4C10-93B7-1756396B763F}"
EndProject
Global
	GlobalSection(SolutionConfigurationPlatforms) = preSolution
		Debug|x64 = Debug|x64
		Debug|x86 = Debug|x86
		Release|x64 = Release|x64
		Release|x86 = Release|x86
	EndGlobalSection
	GlobalSection(ProjectConfigurationPlatforms) = postSolution
		{C1CD2143-0F02-4C10-93B7-1756396B763F}.Debug|x64.ActiveCfg = Debug|x64
		{C1CD2143-0F02-4C10-93B7-1756396B763F}.Debug|x64.Build.0 = Debug|x64
		{C1CD2143-0F02-4C10-93B7-1756396B763F}.Debug|x86.ActiveCfg = Debug|Win32
		{C1CD2143-0F02-4C10-93B7-1756396B763F}.Debug|x86.Build.0 = Debug|Win32
		{C1CD2143-0F02-4C10-93B7-1756396B763F}.Release|x64.ActiveCfg = Release|x64
		{C1CD2143-0F02-4C10-93B7-1756396B763F}.Release|x64.Build.0 = Release|x64
		{C1CD2143-0F02-4C10-93B7-1756396B763F}.Release|x86.ActiveCfg = Release|Win32
		{C1CD2143-0F02-4C10-93B7-1756396B763F}.Release|x86.Build.0 = Release|Win32
	EndGlobalSection
	GlobalSection(SolutionProperties) = preSolution
		HideSolutionNode = FALSE
	EndGlobalSection
	GlobalSection(ExtensibilityGlobals) = postSolution
		SolutionGuid = {32F63082-73AC-4C3E-8D6D-9C3F16316834}
	EndGlobalSection
EndGlobal
